{
  "version": "3",
  "packages": {
    "specifiers": {
      "jsr:@lambdalisue/async@^2.1.1": "jsr:@lambdalisue/async@2.1.1",
      "jsr:@milly/streamtest@^1.0.0": "jsr:@milly/streamtest@1.0.0",
      "jsr:@std/assert@0.225.3": "jsr:@std/assert@0.225.3",
      "jsr:@std/assert@0.226.0": "jsr:@std/assert@0.226.0",
      "jsr:@std/assert@1.0.0-rc.2": "jsr:@std/assert@1.0.0-rc.2",
      "jsr:@std/assert@^0.225.1": "jsr:@std/assert@0.225.3",
      "jsr:@std/async@0.224.2": "jsr:@std/async@0.224.2",
      "jsr:@std/fmt@^0.225.0": "jsr:@std/fmt@0.225.6",
      "jsr:@std/fs@^0.229.0": "jsr:@std/fs@0.229.3",
      "jsr:@std/internal@^1.0.0": "jsr:@std/internal@1.0.1",
      "jsr:@std/io@^0.224.0": "jsr:@std/io@0.224.3",
      "jsr:@std/log@0.224.1": "jsr:@std/log@0.224.1",
      "jsr:@std/testing@0.225.3": "jsr:@std/testing@0.225.3",
      "npm:@sinonjs/fake-timers@^11.2.2": "npm:@sinonjs/fake-timers@11.2.2",
      "npm:@types/sinonjs__fake-timers@^8.1.5": "npm:@types/sinonjs__fake-timers@8.1.5"
    },
    "jsr": {
      "@lambdalisue/async@2.1.1": {
        "integrity": "1fc9bc6f4ed50215cd2f7217842b18cea80f81c25744f88f8c5eb4be5a1c9ab4"
      },
      "@milly/streamtest@1.0.0": {
        "integrity": "87e11784d2d9a30d21172113fd7b0b51e71800cc59d4d96809c19c713d44ea5a",
        "dependencies": [
          "jsr:@std/assert@0.225.3",
          "jsr:@std/log@0.224.1",
          "npm:@sinonjs/fake-timers@^11.2.2",
          "npm:@types/sinonjs__fake-timers@^8.1.5"
        ]
      },
      "@std/assert@0.225.3": {
        "integrity": "b3c2847aecf6955b50644cdb9cf072004ea3d1998dd7579fc0acb99dbb23bd4f",
        "dependencies": [
          "jsr:@std/internal@^1.0.0"
        ]
      },
      "@std/assert@0.226.0": {
        "integrity": "0dfb5f7c7723c18cec118e080fec76ce15b4c31154b15ad2bd74822603ef75b3",
        "dependencies": [
          "jsr:@std/internal@^1.0.0"
        ]
      },
      "@std/assert@1.0.0-rc.2": {
        "integrity": "0484eab1d76b55fca1c3beaff485a274e67dd3b9f065edcbe70030dfc0b964d3",
        "dependencies": [
          "jsr:@std/internal@^1.0.0"
        ]
      },
      "@std/async@0.224.2": {
        "integrity": "4d277d6e165df43d5e061ba0ef3edfddb8e8d558f5b920e3e6b1d2614b44d074"
      },
      "@std/fmt@0.225.6": {
        "integrity": "aba6aea27f66813cecfd9484e074a9e9845782ab0685c030e453a8a70b37afc8"
      },
      "@std/fs@0.229.3": {
        "integrity": "783bca21f24da92e04c3893c9e79653227ab016c48e96b3078377ebd5222e6eb"
      },
      "@std/internal@1.0.1": {
        "integrity": "6f8c7544d06a11dd256c8d6ba54b11ed870aac6c5aeafff499892662c57673e6"
      },
      "@std/io@0.224.3": {
        "integrity": "b402edeb99c6b3778d9ae3e9927bc9085b170b41e5a09bbb7064ab2ee394ae2f"
      },
      "@std/log@0.224.1": {
        "integrity": "243688532289298670034915da5e2987cc544938c566c7d508afb7e06ec3fe9d",
        "dependencies": [
          "jsr:@std/assert@^0.225.1",
          "jsr:@std/fmt@^0.225.0",
          "jsr:@std/fs@^0.229.0",
          "jsr:@std/io@^0.224.0"
        ]
      },
      "@std/testing@0.225.3": {
        "integrity": "348c24d0479d44ab3dbb4f26170f242e19f24051b45935d4a9e7ca0ab7e37780",
        "dependencies": [
          "jsr:@std/assert@1.0.0-rc.2"
        ]
      }
    },
    "npm": {
      "@sinonjs/commons@3.0.1": {
        "integrity": "sha512-K3mCHKQ9sVh8o1C9cxkwxaOmXoAMlDxC1mYyHrjqOWEcBjYr76t96zL2zlj5dUGZ3HSw240X1qgH3Mjf1yJWpQ==",
        "dependencies": {
          "type-detect": "type-detect@4.0.8"
        }
      },
      "@sinonjs/fake-timers@11.2.2": {
        "integrity": "sha512-G2piCSxQ7oWOxwGSAyFHfPIsyeJGXYtc6mFbnFA+kRXkiEnTl8c/8jul2S329iFBnDI9HGoeWWAZvuvOkZccgw==",
        "dependencies": {
          "@sinonjs/commons": "@sinonjs/commons@3.0.1"
        }
      },
      "@types/sinonjs__fake-timers@8.1.5": {
        "integrity": "sha512-mQkU2jY8jJEF7YHjHvsQO8+3ughTL1mcnn96igfhONmR+fUPSKIkefQYpSe8bsly2Ep7oQbn/6VG5/9/0qcArQ==",
        "dependencies": {}
      },
      "type-detect@4.0.8": {
        "integrity": "sha512-0fr/mIH1dlO+x7TlcMy+bIDqKPsw/70tVyeHW787goQjhmqaZe10uwLujubK9q9Lg6Fiho1KUKDYz0Z7k7g5/g==",
        "dependencies": {}
      }
    }
  },
  "remote": {},
  "workspace": {
    "dependencies": [
      "jsr:@lambdalisue/async@^2.1.1",
      "jsr:@milly/streamtest@^1.0.0",
      "jsr:@std/assert@0.226.0",
      "jsr:@std/async@0.224.2",
      "jsr:@std/testing@0.225.3"
    ],
    "packageJson": {
      "dependencies": [
        "npm:@jsr/lambdalisue__async@^2.1.1",
        "npm:@jsr/milly__streamtest@^1.0.0",
        "npm:@jsr/std__assert@^0.226.0",
        "npm:@jsr/std__async@^0.224.2",
        "npm:@jsr/std__testing@^0.225.3",
        "npm:@playwright/test@^1.44.1",
        "npm:esbuild@^0.21.4",
        "npm:glob@^10.4.1",
        "npm:tsx@^4.12.0"
      ]
    }
  }
}
