{
  "version": "3",
  "packages": {
    "specifiers": {
      "jsr:@lambdalisue/async@^2.1.1": "jsr:@lambdalisue/async@2.1.1",
      "jsr:@milly/streamtest@^1.0.1": "jsr:@milly/streamtest@1.0.1",
      "jsr:@std/assert@^1.0.1": "jsr:@std/assert@1.0.1",
      "jsr:@std/async@^1.0.1": "jsr:@std/async@1.0.1",
      "jsr:@std/fmt@^1.0.0-rc.1": "jsr:@std/fmt@1.0.0-rc.1",
      "jsr:@std/fs@^1.0.0-rc.5": "jsr:@std/fs@1.0.0",
      "jsr:@std/internal@^1.0.1": "jsr:@std/internal@1.0.1",
      "jsr:@std/io@^0.224.3": "jsr:@std/io@0.224.3",
      "jsr:@std/log@0.224.5": "jsr:@std/log@0.224.5",
      "jsr:@std/testing@^1.0.0-rc.5": "jsr:@std/testing@1.0.0-rc.5",
      "npm:@sinonjs/fake-timers@^11.2.2": "npm:@sinonjs/fake-timers@11.2.2",
      "npm:@types/sinonjs__fake-timers@^8.1.5": "npm:@types/sinonjs__fake-timers@8.1.5"
    },
    "jsr": {
      "@lambdalisue/async@2.1.1": {
        "integrity": "1fc9bc6f4ed50215cd2f7217842b18cea80f81c25744f88f8c5eb4be5a1c9ab4"
      },
      "@milly/streamtest@1.0.1": {
        "integrity": "a53abd9600c22a4a502cc5792a588aaab8a85ce1b66659e7605eaf6c29822a72",
        "dependencies": [
          "jsr:@std/assert@^1.0.1",
          "jsr:@std/log@0.224.5",
          "npm:@sinonjs/fake-timers@^11.2.2",
          "npm:@types/sinonjs__fake-timers@^8.1.5"
        ]
      },
      "@std/assert@1.0.1": {
        "integrity": "13590ef8e5854f59e4ad252fd987e83239a1bf1f16cb9c69c1d123ebb807a75b",
        "dependencies": [
          "jsr:@std/internal@^1.0.1"
        ]
      },
      "@std/async@1.0.1": {
        "integrity": "3c7f6324a8a1b47ca657e5a349b511c9a6c2c0729e9d66b223c9ecaac0753ecb"
      },
      "@std/fmt@1.0.0-rc.1": {
        "integrity": "3dbbd12f1704c62b5bd33c9ff928c8df47cd5c75f6637201a8c21298b28e43bc"
      },
      "@std/fs@1.0.0": {
        "integrity": "d72e4a125af7168d717a2ed1dca77a728b422b0d138fd20579e3fa41a77da943"
      },
      "@std/internal@1.0.1": {
        "integrity": "6f8c7544d06a11dd256c8d6ba54b11ed870aac6c5aeafff499892662c57673e6"
      },
      "@std/io@0.224.3": {
        "integrity": "b402edeb99c6b3778d9ae3e9927bc9085b170b41e5a09bbb7064ab2ee394ae2f"
      },
      "@std/log@0.224.5": {
        "integrity": "4612a45189438441bbd923a4cad1cce5c44c6c4a039195a3e8d831ce38894eee",
        "dependencies": [
          "jsr:@std/fmt@^1.0.0-rc.1",
          "jsr:@std/fs@^1.0.0-rc.5",
          "jsr:@std/io@^0.224.3"
        ]
      },
      "@std/testing@1.0.0-rc.5": {
        "integrity": "b32718efc86d9553c66822971325e257f9c4e35e63cba8237705928386645eaa",
        "dependencies": [
          "jsr:@std/assert@^1.0.1"
        ]
      }
    },
    "npm": {
      "@sinonjs/commons@3.0.1": {
        "integrity": "sha512-K3mCHKQ9sVh8o1C9cxkwxaOmXoAMlDxC1mYyHrjqOWEcBjYr76t96zL2zlj5dUGZ3HSw240X1qgH3Mjf1yJWpQ==",
        "dependencies": {
          "type-detect": "type-detect@4.0.8"
        }
      },
      "@sinonjs/fake-timers@11.2.2": {
        "integrity": "sha512-G2piCSxQ7oWOxwGSAyFHfPIsyeJGXYtc6mFbnFA+kRXkiEnTl8c/8jul2S329iFBnDI9HGoeWWAZvuvOkZccgw==",
        "dependencies": {
          "@sinonjs/commons": "@sinonjs/commons@3.0.1"
        }
      },
      "@types/sinonjs__fake-timers@8.1.5": {
        "integrity": "sha512-mQkU2jY8jJEF7YHjHvsQO8+3ughTL1mcnn96igfhONmR+fUPSKIkefQYpSe8bsly2Ep7oQbn/6VG5/9/0qcArQ==",
        "dependencies": {}
      },
      "type-detect@4.0.8": {
        "integrity": "sha512-0fr/mIH1dlO+x7TlcMy+bIDqKPsw/70tVyeHW787goQjhmqaZe10uwLujubK9q9Lg6Fiho1KUKDYz0Z7k7g5/g==",
        "dependencies": {}
      }
    }
  },
  "remote": {},
  "workspace": {
    "dependencies": [
      "jsr:@lambdalisue/async@^2.1.1",
      "jsr:@milly/streamtest@^1.0.1",
      "jsr:@std/assert@^1.0.1",
      "jsr:@std/async@^1.0.1",
      "jsr:@std/testing@^1.0.0-rc.5"
    ],
    "packageJson": {
      "dependencies": [
        "npm:@jsr/lambdalisue__async@^2.1.1",
        "npm:@jsr/milly__streamtest@^1.0.1",
        "npm:@jsr/std__assert@^1.0.1",
        "npm:@jsr/std__async@^1.0.1",
        "npm:@jsr/std__testing@^1.0.0-rc.5",
        "npm:@playwright/test@^1.44.1",
        "npm:esbuild@^0.21.4",
        "npm:glob@^10.4.1",
        "npm:tsx@^4.12.0"
      ]
    }
  }
}
